# This file is automatically @generated by Poetry 2.3.3 and should not be changed by hand.

[[package]]
name = "aiohappyeyeballs"
version = "2.7.1"
description = "Happy Eyeballs for asyncio"
optional = false
python-versions = ">=3.9"
groups = ["main"]
files = [
    {file = "aiohappyeyeballs-2.7.1-py3-none-any.whl", hash = "sha256:35b4f16283798718f97e26087282b0b63b8e96e749d23f4f1f9bf39f7e91973b"},
    {file = "aiohappyeyeballs-2.7.1.tar.gz", hash = "sha256:3bfb21bd1ccdc3d7a5e1d09fb8a8e787b27e5f0d8a817ea4e46e8a9e89c56c7d"},
]
